// !$*UTF8*$!
{
	archiveVersion = 1;
	classes = {
	};
	objectVersion = 46;
	objects = {

/* Begin PBXBuildFile section */
		167802B41B9145C70050B3F0 /* QuizTableViewController.m in Sources */ = {isa = PBXBuildFile; fileRef = 167802B31B9145C70050B3F0 /* QuizTableViewController.m */; };
		168EEB4C1B92CEC900518113 /* QuizModelData.xcdatamodeld in Sources */ = {isa = PBXBuildFile; fileRef = 168EEB4A1B92CEC900518113 /* QuizModelData.xcdatamodeld */; };
		16E20ABD1B824AE1009B8B0E /* main.m in Sources */ = {isa = PBXBuildFile; fileRef = 16E20ABC1B824AE1009B8B0E /* main.m */; };
		16E20AC01B824AE1009B8B0E /* AppDelegate.m in Sources */ = {isa = PBXBuildFile; fileRef = 16E20ABF1B824AE1009B8B0E /* AppDelegate.m */; };
		16E20AC31B824AE1009B8B0E /* ViewController.m in Sources */ = {isa = PBXBuildFile; fileRef = 16E20AC21B824AE1009B8B0E /* ViewController.m */; };
		16E20AC61B824AE1009B8B0E /* Main.storyboard in Resources */ = {isa = PBXBuildFile; fileRef = 16E20AC41B824AE1009B8B0E /* Main.storyboard */; };
		16E20AC81B824AE1009B8B0E /* Images.xcassets in Resources */ = {isa = PBXBuildFile; fileRef = 16E20AC71B824AE1009B8B0E /* Images.xcassets */; };
		16E20ACB1B824AE1009B8B0E /* LaunchScreen.xib in Resources */ = {isa = PBXBuildFile; fileRef = 16E20AC91B824AE1009B8B0E /* LaunchScreen.xib */; };
		16E20AD71B824AE1009B8B0E /* benbengeBirthdayTests.m in Sources */ = {isa = PBXBuildFile; fileRef = 16E20AD61B824AE1009B8B0E /* benbengeBirthdayTests.m */; };
/* End PBXBuildFile section */

/* Begin PBXContainerItemProxy section */
		16E20AD11B824AE1009B8B0E /* PBXContainerItemProxy */ = {
			isa = PBXContainerItemProxy;
			containerPortal = 16E20AAF1B824AE1009B8B0E /* Project object */;
			proxyType = 1;
			remoteGlobalIDString = 16E20AB61B824AE1009B8B0E;
			remoteInfo = benbengeBirthday;
		};
/* End PBXContainerItemProxy section */

/* Begin PBXFileReference section */
		167802B21B9145C70050B3F0 /* QuizTableViewController.h */ = {isa = PBXFileReference; fileEncoding = 4; lastKnownFileType = sourcecode.c.h; path = QuizTableViewController.h; sourceTree = "<group>"; };
		167802B31B9145C70050B3F0 /* QuizTableViewController.m */ = {isa = PBXFileReference; fileEncoding = 4; lastKnownFileType = sourcecode.c.objc; path = QuizTableViewController.m; sourceTree = "<group>"; };
		168EEB4B1B92CEC900518113 /* QuizModelData.xcdatamodel */ = {isa = PBXFileReference; lastKnownFileType = wrapper.xcdatamodel; path = QuizModelData.xcdatamodel; sourceTree = "<group>"; };
		16E20AB71B824AE1009B8B0E /* benbengeBirthday.app */ = {isa = PBXFileReference; explicitFileType = wrapper.application; includeInIndex = 0; path = benbengeBirthday.app; sourceTree = BUILT_PRODUCTS_DIR; };
		16E20ABB1B824AE1009B8B0E /* Info.plist */ = {isa = PBXFileReference; lastKnownFileType = text.plist.xml; path = Info.plist; sourceTree = "<group>"; };
		16E20ABC1B824AE1009B8B0E /* main.m */ = {isa = PBXFileReference; lastKnownFileType = sourcecode.c.objc; path = main.m; sourceTree = "<group>"; };
		16E20ABE1B824AE1009B8B0E /* AppDelegate.h */ = {isa = PBXFileReference; lastKnownFileType = sourcecode.c.h; path = AppDelegate.h; sourceTree = "<group>"; };
		16E20ABF1B824AE1009B8B0E /* AppDelegate.m */ = {isa = PBXFileReference; lastKnownFileType = sourcecode.c.objc; path = AppDelegate.m; sourceTree = "<group>"; };
		16E20AC11B824AE1009B8B0E /* ViewController.h */ = {isa = PBXFileReference; lastKnownFileType = sourcecode.c.h; path = ViewController.h; sourceTree = "<group>"; };
		16E20AC21B824AE1009B8B0E /* ViewController.m */ = {isa = PBXFileReference; lastKnownFileType = sourcecode.c.objc; path = ViewController.m; sourceTree = "<group>"; };
		16E20AC51B824AE1009B8B0E /* Base */ = {isa = PBXFileReference; lastKnownFileType = file.storyboard; name = Base; path = Base.lproj/Main.storyboard; sourceTree = "<group>"; };
		16E20AC71B824AE1009B8B0E /* Images.xcassets */ = {isa = PBXFileReference; lastKnownFileType = folder.assetcatalog; path = Images.xcassets; sourceTree = "<group>"; };
		16E20ACA1B824AE1009B8B0E /* Base */ = {isa = PBXFileReference; lastKnownFileType = file.xib; name = Base; path = Base.lproj/LaunchScreen.xib; sourceTree = "<group>"; };
		16E20AD01B824AE1009B8B0E /* benbengeBirthdayTests.xctest */ = {isa = PBXFileReference; explicitFileType = wrapper.cfbundle; includeInIndex = 0; path = benbengeBirthdayTests.xctest; sourceTree = BUILT_PRODUCTS_DIR; };
		16E20AD51B824AE1009B8B0E /* Info.plist */ = {isa = PBXFileReference; lastKnownFileType = text.plist.xml; path = Info.plist; sourceTree = "<group>"; };
		16E20AD61B824AE1009B8B0E /* benbengeBirthdayTests.m */ = {isa = PBXFileReference; lastKnownFileType = sourcecode.c.objc; path = benbengeBirthdayTests.m; sourceTree = "<group>"; };
/* End PBXFileReference section */

/* Begin PBXFrameworksBuildPhase section */
		16E20AB41B824AE1009B8B0E /* Frameworks */ = {
			isa = PBXFrameworksBuildPhase;
			buildActionMask = 2147483647;
			files = (
			);
			runOnlyForDeploymentPostprocessing = 0;
		};
		16E20ACD1B824AE1009B8B0E /* Frameworks */ = {
			isa = PBXFrameworksBuildPhase;
			buildActionMask = 2147483647;
			files = (
			);
			runOnlyForDeploymentPostprocessing = 0;
		};
/* End PBXFrameworksBuildPhase section */

/* Begin PBXGroup section */
		168EEB451B92CD5C00518113 /* Quiz */ = {
			isa = PBXGroup;
			children = (
				168EEB461B92CD7800518113 /* Model */,
			);
			path = Quiz;
			sourceTree = "<group>";
		};
		168EEB461B92CD7800518113 /* Model */ = {
			isa = PBXGroup;
			children = (
			);
			path = Model;
			sourceTree = "<group>";
		};
		16E20AAE1B824AE1009B8B0E = {
			isa = PBXGroup;
			children = (
				16E20AB91B824AE1009B8B0E /* benbengeBirthday */,
				16E20AD31B824AE1009B8B0E /* benbengeBirthdayTests */,
				16E20AB81B824AE1009B8B0E /* Products */,
			);
			sourceTree = "<group>";
		};
		16E20AB81B824AE1009B8B0E /* Products */ = {
			isa = PBXGroup;
			children = (
				16E20AB71B824AE1009B8B0E /* benbengeBirthday.app */,
				16E20AD01B824AE1009B8B0E /* benbengeBirthdayTests.xctest */,
			);
			name = Products;
			sourceTree = "<group>";
		};
		16E20AB91B824AE1009B8B0E /* benbengeBirthday */ = {
			isa = PBXGroup;
			children = (
				168EEB451B92CD5C00518113 /* Quiz */,
				16E20ABE1B824AE1009B8B0E /* AppDelegate.h */,
				16E20ABF1B824AE1009B8B0E /* AppDelegate.m */,
				16E20AC11B824AE1009B8B0E /* ViewController.h */,
				16E20AC21B824AE1009B8B0E /* ViewController.m */,
				16E20AC41B824AE1009B8B0E /* Main.storyboard */,
				16E20AC71B824AE1009B8B0E /* Images.xcassets */,
				16E20AC91B824AE1009B8B0E /* LaunchScreen.xib */,
				16E20ABA1B824AE1009B8B0E /* Supporting Files */,
				167802B21B9145C70050B3F0 /* QuizTableViewController.h */,
				167802B31B9145C70050B3F0 /* QuizTableViewController.m */,
				168EEB4A1B92CEC900518113 /* QuizModelData.xcdatamodeld */,
			);
			path = benbengeBirthday;
			sourceTree = "<group>";
		};
		16E20ABA1B824AE1009B8B0E /* Supporting Files */ = {
			isa = PBXGroup;
			children = (
				16E20ABB1B824AE1009B8B0E /* Info.plist */,
				16E20ABC1B824AE1009B8B0E /* main.m */,
			);
			name = "Supporting Files";
			sourceTree = "<group>";
		};
		16E20AD31B824AE1009B8B0E /* benbengeBirthdayTests */ = {
			isa = PBXGroup;
			children = (
				16E20AD61B824AE1009B8B0E /* benbengeBirthdayTests.m */,
				16E20AD41B824AE1009B8B0E /* Supporting Files */,
			);
			path = benbengeBirthdayTests;
			sourceTree = "<group>";
		};
		16E20AD41B824AE1009B8B0E /* Supporting Files */ = {
			isa = PBXGroup;
			children = (
				16E20AD51B824AE1009B8B0E /* Info.plist */,
			);
			name = "Supporting Files";
			sourceTree = "<group>";
		};
/* End PBXGroup section */

/* Begin PBXNativeTarget section */
		16E20AB61B824AE1009B8B0E /* benbengeBirthday */ = {
			isa = PBXNativeTarget;
			buildConfigurationList = 16E20ADA1B824AE1009B8B0E /* Build configuration list for PBXNativeTarget "benbengeBirthday" */;
			buildPhases = (
				16E20AB31B824AE1009B8B0E /* Sources */,
				16E20AB41B824AE1009B8B0E /* Frameworks */,
				16E20AB51B824AE1009B8B0E /* Resources */,
			);
			buildRules = (
			);
			dependencies = (
			);
			name = benbengeBirthday;
			productName = benbengeBirthday;
			productReference = 16E20AB71B824AE1009B8B0E /* benbengeBirthday.app */;
			productType = "com.apple.product-type.application";
		};
		16E20ACF1B824AE1009B8B0E /* benbengeBirthdayTests */ = {
			isa = PBXNativeTarget;
			buildConfigurationList = 16E20ADD1B824AE1009B8B0E /* Build configuration list for PBXNativeTarget "benbengeBirthdayTests" */;
			buildPhases = (
				16E20ACC1B824AE1009B8B0E /* Sources */,
				16E20ACD1B824AE1009B8B0E /* Frameworks */,
				16E20ACE1B824AE1009B8B0E /* Resources */,
			);
			buildRules = (
			);
			dependencies = (
				16E20AD21B824AE1009B8B0E /* PBXTargetDependency */,
			);
			name = benbengeBirthdayTests;
			productName = benbengeBirthdayTests;
			productReference = 16E20AD01B824AE1009B8B0E /* benbengeBirthdayTests.xctest */;
			productType = "com.apple.product-type.bundle.unit-test";
		};
/* End PBXNativeTarget section */

/* Begin PBXProject section */
		16E20AAF1B824AE1009B8B0E /* Project object */ = {
			isa = PBXProject;
			attributes = {
				LastUpgradeCheck = 0640;
				ORGANIZATIONNAME = bigbright;
				TargetAttributes = {
					16E20AB61B824AE1009B8B0E = {
						CreatedOnToolsVersion = 6.4;
						DevelopmentTeam = GCG9VGW2C4;
					};
					16E20ACF1B824AE1009B8B0E = {
						CreatedOnToolsVersion = 6.4;
						TestTargetID = 16E20AB61B824AE1009B8B0E;
					};
				};
			};
			buildConfigurationList = 16E20AB21B824AE1009B8B0E /* Build configuration list for PBXProject "benbengeBirthday" */;
			compatibilityVersion = "Xcode 3.2";
			developmentRegion = English;
			hasScannedForEncodings = 0;
			knownRegions = (
				en,
				Base,
			);
			mainGroup = 16E20AAE1B824AE1009B8B0E;
			productRefGroup = 16E20AB81B824AE1009B8B0E /* Products */;
			projectDirPath = "";
			projectRoot = "";
			targets = (
				16E20AB61B824AE1009B8B0E /* benbengeBirthday */,
				16E20ACF1B824AE1009B8B0E /* benbengeBirthdayTests */,
			);
		};
/* End PBXProject section */

/* Begin PBXResourcesBuildPhase section */
		16E20AB51B824AE1009B8B0E /* Resources */ = {
			isa = PBXResourcesBuildPhase;
			buildActionMask = 2147483647;
			files = (
				16E20AC61B824AE1009B8B0E /* Main.storyboard in Resources */,
				16E20ACB1B824AE1009B8B0E /* LaunchScreen.xib in Resources */,
				16E20AC81B824AE1009B8B0E /* Images.xcassets in Resources */,
			);
			runOnlyForDeploymentPostprocessing = 0;
		};
		16E20ACE1B824AE1009B8B0E /* Resources */ = {
			isa = PBXResourcesBuildPhase;
			buildActionMask = 2147483647;
			files = (
			);
			runOnlyForDeploymentPostprocessing = 0;
		};
/* End PBXResourcesBuildPhase section */

/* Begin PBXSourcesBuildPhase section */
		16E20AB31B824AE1009B8B0E /* Sources */ = {
			isa = PBXSourcesBuildPhase;
			buildActionMask = 2147483647;
			files = (
				167802B41B9145C70050B3F0 /* QuizTableViewController.m in Sources */,
				16E20AC31B824AE1009B8B0E /* ViewController.m in Sources */,
				16E20AC01B824AE1009B8B0E /* AppDelegate.m in Sources */,
				168EEB4C1B92CEC900518113 /* QuizModelData.xcdatamodeld in Sources */,
				16E20ABD1B824AE1009B8B0E /* main.m in Sources */,
			);
			runOnlyForDeploymentPostprocessing = 0;
		};
		16E20ACC1B824AE1009B8B0E /* Sources */ = {
			isa = PBXSourcesBuildPhase;
			buildActionMask = 2147483647;
			files = (
				16E20AD71B824AE1009B8B0E /* benbengeBirthdayTests.m in Sources */,
			);
			runOnlyForDeploymentPostprocessing = 0;
		};
/* End PBXSourcesBuildPhase section */

/* Begin PBXTargetDependency section */
		16E20AD21B824AE1009B8B0E /* PBXTargetDependency */ = {
			isa = PBXTargetDependency;
			target = 16E20AB61B824AE1009B8B0E /* benbengeBirthday */;
			targetProxy = 16E20AD11B824AE1009B8B0E /* PBXContainerItemProxy */;
		};
/* End PBXTargetDependency section */

/* Begin PBXVariantGroup section */
		16E20AC41B824AE1009B8B0E /* Main.storyboard */ = {
			isa = PBXVariantGroup;
			children = (
				16E20AC51B824AE1009B8B0E /* Base */,
			);
			name = Main.storyboard;
			sourceTree = "<group>";
		};
		16E20AC91B824AE1009B8B0E /* LaunchScreen.xib */ = {
			isa = PBXVariantGroup;
			children = (
				16E20ACA1B824AE1009B8B0E /* Base */,
			);
			name = LaunchScreen.xib;
			sourceTree = "<group>";
		};
/* End PBXVariantGroup section */

/* Begin XCBuildConfiguration section */
		16E20AD81B824AE1009B8B0E /* Debug */ = {
			isa = XCBuildConfiguration;
			buildSettings = {
				ALWAYS_SEARCH_USER_PATHS = NO;
				CLANG_CXX_LANGUAGE_STANDARD = "gnu++0x";
				CLANG_CXX_LIBRARY = "libc++";
				CLANG_ENABLE_MODULES = YES;
				CLANG_ENABLE_OBJC_ARC = YES;
				CLANG_WARN_BOOL_CONVERSION = YES;
				CLANG_WARN_CONSTANT_CONVERSION = YES;
				CLANG_WARN_DIRECT_OBJC_ISA_USAGE = YES_ERROR;
				CLANG_WARN_EMPTY_BODY = YES;
				CLANG_WARN_ENUM_CONVERSION = YES;
				CLANG_WARN_INT_CONVERSION = YES;
				CLANG_WARN_OBJC_ROOT_CLASS = YES_ERROR;
				CLANG_WARN_UNREACHABLE_CODE = YES;
				CLANG_WARN__DUPLICATE_METHOD_MATCH = YES;
				"CODE_SIGN_IDENTITY[sdk=iphoneos*]" = "iPhone Developer";
				COPY_PHASE_STRIP = NO;
				DEBUG_INFORMATION_FORMAT = "dwarf-with-dsym";
				ENABLE_STRICT_OBJC_MSGSEND = YES;
				GCC_C_LANGUAGE_STANDARD = gnu99;
				GCC_DYNAMIC_NO_PIC = NO;
				GCC_NO_COMMON_BLOCKS = YES;
				GCC_OPTIMIZATION_LEVEL = 0;
				GCC_PREPROCESSOR_DEFINITIONS = (
					"DEBUG=1",
					"$(inherited)",
				);
				GCC_SYMBOLS_PRIVATE_EXTERN = NO;
				GCC_WARN_64_TO_32_BIT_CONVERSION = YES;
				GCC_WARN_ABOUT_RETURN_TYPE = YES_ERROR;
				GCC_WARN_UNDECLARED_SELECTOR = YES;
				GCC_WARN_UNINITIALIZED_AUTOS = YES_AGGRESSIVE;
				GCC_WARN_UNUSED_FUNCTION = YES;
				GCC_WARN_UNUSED_VARIABLE = YES;
				IPHONEOS_DEPLOYMENT_TARGET = 8.4;
				MTL_ENABLE_DEBUG_INFO = YES;
				ONLY_ACTIVE_ARCH = YES;
				SDKROOT = iphoneos;
			};
			name = Debug;
		};
		16E20AD91B824AE1009B8B0E /* Release */ = {
			isa = XCBuildConfiguration;
			buildSettings = {
				ALWAYS_SEARCH_USER_PATHS = NO;
				CLANG_CXX_LANGUAGE_STANDARD = "gnu++0x";
				CLANG_CXX_LIBRARY = "libc++";
				CLANG_ENABLE_MODULES = YES;
				CLANG_ENABLE_OBJC_ARC = YES;
				CLANG_WARN_BOOL_CONVERSION = YES;
				CLANG_WARN_CONSTANT_CONVERSION = YES;
				CLANG_WARN_DIRECT_OBJC_ISA_USAGE = YES_ERROR;
				CLANG_WARN_EMPTY_BODY = YES;
				CLANG_WARN_ENUM_CONVERSION = YES;
				CLANG_WARN_INT_CONVERSION = YES;
				CLANG_WARN_OBJC_ROOT_CLASS = YES_ERROR;
				CLANG_WARN_UNREACHABLE_CODE = YES;
				CLANG_WARN__DUPLICATE_METHOD_MATCH = YES;
				"CODE_SIGN_IDENTITY[sdk=iphoneos*]" = "iPhone Developer";
				COPY_PHASE_STRIP = NO;
				DEBUG_INFORMATION_FORMAT = "dwarf-with-dsym";
				ENABLE_NS_ASSERTIONS = NO;
				ENABLE_STRICT_OBJC_MSGSEND = YES;
				GCC_C_LANGUAGE_STANDARD = gnu99;
				GCC_NO_COMMON_BLOCKS = YES;
				GCC_WARN_64_TO_32_BIT_CONVERSION = YES;
				GCC_WARN_ABOUT_RETURN_TYPE = YES_ERROR;
				GCC_WARN_UNDECLARED_SELECTOR = YES;
				GCC_WARN_UNINITIALIZED_AUTOS = YES_AGGRESSIVE;
				GCC_WARN_UNUSED_FUNCTION = YES;
				GCC_WARN_UNUSED_VARIABLE = YES;
				IPHONEOS_DEPLOYMENT_TARGET = 8.4;
				MTL_ENABLE_DEBUG_INFO = NO;
				SDKROOT = iphoneos;
				VALIDATE_PRODUCT = YES;
			};
			name = Release;
		};
		16E20ADB1B824AE1009B8B0E /* Debug */ = {
			isa = XCBuildConfiguration;
			buildSettings = {
				ASSETCATALOG_COMPILER_APPICON_NAME = AppIcon;
				CODE_SIGN_IDENTITY = "iPhone Developer";
				"CODE_SIGN_IDENTITY[sdk=iphoneos*]" = "iPhone Developer";
				INFOPLIST_FILE = benbengeBirthday/Info.plist;
				LD_RUNPATH_SEARCH_PATHS = "$(inherited) @executable_path/Frameworks";
				PRODUCT_NAME = "$(TARGET_NAME)";
				PROVISIONING_PROFILE = "";
			};
			name = Debug;
		};
		16E20ADC1B824AE1009B8B0E /* Release */ = {
			isa = XCBuildConfiguration;
			buildSettings = {
				ASSETCATALOG_COMPILER_APPICON_NAME = AppIcon;
				CODE_SIGN_IDENTITY = "iPhone Developer";
				"CODE_SIGN_IDENTITY[sdk=iphoneos*]" = "iPhone Developer";
				INFOPLIST_FILE = benbengeBirthday/Info.plist;
				LD_RUNPATH_SEARCH_PATHS = "$(inherited) @executable_path/Frameworks";
				PRODUCT_NAME = "$(TARGET_NAME)";
				PROVISIONING_PROFILE = "";
			};
			name = Release;
		};
		16E20ADE1B824AE1009B8B0E /* Debug */ = {
			isa = XCBuildConfiguration;
			buildSettings = {
				BUNDLE_LOADER = "$(TEST_HOST)";
				FRAMEWORK_SEARCH_PATHS = (
					"$(SDKROOT)/Developer/Library/Frameworks",
					"$(inherited)",
				);
				GCC_PREPROCESSOR_DEFINITIONS = (
					"DEBUG=1",
					"$(inherited)",
				);
				INFOPLIST_FILE = benbengeBirthdayTests/Info.plist;
				LD_RUNPATH_SEARCH_PATHS = "$(inherited) @executable_path/Frameworks @loader_path/Frameworks";
				PRODUCT_NAME = "$(TARGET_NAME)";
				TEST_HOST = "$(BUILT_PRODUCTS_DIR)/benbengeBirthday.app/benbengeBirthday";
			};
			name = Debug;
		};
		16E20ADF1B824AE1009B8B0E /* Release */ = {
			isa = XCBuildConfiguration;
			buildSettings = {
				BUNDLE_LOADER = "$(TEST_HOST)";
				FRAMEWORK_SEARCH_PATHS = (
					"$(SDKROOT)/Developer/Library/Frameworks",
					"$(inherited)",
				);
				INFOPLIST_FILE = benbengeBirthdayTests/Info.plist;
				LD_RUNPATH_SEARCH_PATHS = "$(inherited) @executable_path/Frameworks @loader_path/Frameworks";
				PRODUCT_NAME = "$(TARGET_NAME)";
				TEST_HOST = "$(BUILT_PRODUCTS_DIR)/benbengeBirthday.app/benbengeBirthday";
			};
			name = Release;
		};
/* End XCBuildConfiguration section */

/* Begin XCConfigurationList section */
		16E20AB21B824AE1009B8B0E /* Build configuration list for PBXProject "benbengeBirthday" */ = {
			isa = XCConfigurationList;
			buildConfigurations = (
				16E20AD81B824AE1009B8B0E /* Debug */,
				16E20AD91B824AE1009B8B0E /* Release */,
			);
			defaultConfigurationIsVisible = 0;
			defaultConfigurationName = Release;
		};
		16E20ADA1B824AE1009B8B0E /* Build configuration list for PBXNativeTarget "benbengeBirthday" */ = {
			isa = XCConfigurationList;
			buildConfigurations = (
				16E20ADB1B824AE1009B8B0E /* Debug */,
				16E20ADC1B824AE1009B8B0E /* Release */,
			);
			defaultConfigurationIsVisible = 0;
			defaultConfigurationName = Release;
		};
		16E20ADD1B824AE1009B8B0E /* Build configuration list for PBXNativeTarget "benbengeBirthdayTests" */ = {
			isa = XCConfigurationList;
			buildConfigurations = (
				16E20ADE1B824AE1009B8B0E /* Debug */,
				16E20ADF1B824AE1009B8B0E /* Release */,
			);
			defaultConfigurationIsVisible = 0;
			defaultConfigurationName = Release;
		};
/* End XCConfigurationList section */

/* Begin XCVersionGroup section */
		168EEB4A1B92CEC900518113 /* QuizModelData.xcdatamodeld */ = {
			isa = XCVersionGroup;
			children = (
				168EEB4B1B92CEC900518113 /* QuizModelData.xcdatamodel */,
			);
			currentVersion = 168EEB4B1B92CEC900518113 /* QuizModelData.xcdatamodel */;
			path = QuizModelData.xcdatamodeld;
			sourceTree = "<group>";
			versionGroupType = wrapper.xcdatamodel;
		};
/* End XCVersionGroup section */
	};
	rootObject = 16E20AAF1B824AE1009B8B0E /* Project object */;
}
